PODS:
  - Flutter (1.0.0)
  - flutter_soloud (0.0.1):
    - Flutter

DEPENDENCIES:
  - Flutter (from `Flutter`)
  - flutter_soloud (from `.symlinks/plugins/flutter_soloud/ios`)

EXTERNAL SOURCES:
  Flutter:
    :path: Flutter
  flutter_soloud:
    :path: ".symlinks/plugins/flutter_soloud/ios"

SPEC CHECKSUMS:
  Flutter: cabc95a1d2626b1b06e7179b784ebcf0c0cde467
  flutter_soloud: d9969a9777b511239e85da6e108e05b429207baf

PODFILE CHECKSUM: f8c2dcdfb50bb67645580d28a6bf814fca30bdec

COCOAPODS: 1.16.2
